# THIS IS AN AUTOGENERATED FILE. DO NOT EDIT THIS FILE DIRECTLY.
# yarn lockfile v1


"@types/handlebars@^4.0.34":
  version "4.0.34"
  resolved "https://registry.yarnpkg.com/@types/handlebars/-/handlebars-4.0.34.tgz#7b7b887b55bfaaa5bb2183a932a97bd4161c3671"

"@types/node@^8.0.13":
  version "8.0.13"
  resolved "https://registry.yarnpkg.com/@types/node/-/node-8.0.13.tgz#530f0f9254209b0335bf5cc6387822594ef47093"
